# THIS IS AN AUTOGENERATED FILE. DO NOT EDIT THIS FILE DIRECTLY.
# yarn lockfile v1


"@types/css-font-loading-module@^0.0.4":
  version "0.0.4"
  resolved "https://registry.yarnpkg.com/@types/css-font-loading-module/-/css-font-loading-module-0.0.4.tgz#94a835e27d1af444c65cba88523533c174463d64"
  integrity sha512-ENdXf7MW4m9HeDojB2Ukbi7lYMIuQNBHVf98dbzaiG4EEJREBd6oleVAjrLRCrp7dm6CK1mmdmU9tcgF61acbw==

typescript@^4.2.3:
  version "4.2.3"
  resolved "https://registry.yarnpkg.com/typescript/-/typescript-4.2.3.tgz#39062d8019912d43726298f09493d598048c1ce3"
  integrity sha512-qOcYwxaByStAWrBf4x0fibwZvMRG+r4cQoTjbPtUlrWjBHbmCAww1i448U0GJ+3cNNEtebDteo/cHOR3xJ4wEw==
